PODS:
  - AFNetworking (3.0.4):
    - AFNetworking/NSURLSession (= 3.0.4)
    - AFNetworking/Reachability (= 3.0.4)
    - AFNetworking/Security (= 3.0.4)
    - AFNetworking/Serialization (= 3.0.4)
    - AFNetworking/UIKit (= 3.0.4)
  - AFNetworking/NSURLSession (3.0.4):
    - AFNetworking/Reachability
    - AFNetworking/Security
    - AFNetworking/Serialization
  - AFNetworking/Reachability (3.0.4)
  - AFNetworking/Security (3.0.4)
  - AFNetworking/Serialization (3.0.4)
  - AFNetworking/UIKit (3.0.4):
    - AFNetworking/NSURLSession
  - TestLibrary (0.0.3):
    - AFNetworking

DEPENDENCIES:
  - TestLibrary (from `https://github.com/ExoticObjects/TestFramework.git`)

EXTERNAL SOURCES:
  TestLibrary:
    :git: https://github.com/ExoticObjects/TestFramework.git

CHECKOUT OPTIONS:
  TestLibrary:
    :commit: 01815d65cff29174a48ce1a4498760f4bdd89b8d
    :git: https://github.com/ExoticObjects/TestFramework.git

SPEC CHECKSUMS:
  AFNetworking: a0075feb321559dc78d9d85b55d11caa19eabb93
  TestLibrary: c683e2b9659b2e5f049f2f72817720b0e239906a

COCOAPODS: 0.39.0
