PODS:
  - STHTTPRequest (1.0.2)
  - TestLibrary (0.0.3):
    - STHTTPRequest (= 1.0.2)

DEPENDENCIES:
  - TestLibrary (from `../TestFramework`)

EXTERNAL SOURCES:
  TestLibrary:
    :path: "../TestFramework"

SPEC CHECKSUMS:
  STHTTPRequest: f4ca4e3ca31ebd9b54c134aa721ddd1711f1089d
  TestLibrary: b4baceff144efbb7118f3b6dcced9c0eeab7f988

COCOAPODS: 0.39.0
