PODS:
  - TestLibrary (0.0.3)

DEPENDENCIES:
  - TestLibrary (from `https://github.com/ExoticObjects/TestFrameworkCompiled.git`)

EXTERNAL SOURCES:
  TestLibrary:
    :git: https://github.com/ExoticObjects/TestFrameworkCompiled.git

CHECKOUT OPTIONS:
  TestLibrary:
    :commit: 7797a5329a23d553c62397087fb79763440cae87
    :git: https://github.com/ExoticObjects/TestFrameworkCompiled.git

SPEC CHECKSUMS:
  TestLibrary: 3e15205f3f87fdd369a63d1df576f213710e2fbd

COCOAPODS: 0.39.0
